{
  "meteor": {},
  "dependencies": {
    "basePackages": {
      "server-eval": {}
    },
    "packages": {
      "server-eval": {
        "git": "https://github.com/gandev-de/meteor-server-eval.git",
        "tag": "v0.5.0",
        "commit": "0652e70de0b359305f7e04b9131dfc755e1cf27a"
      }
    }
  }
}
